// !$*UTF8*$!
{
	archiveVersion = 1;
	classes = {
	};
	objectVersion = 56;
	objects = {

/* Begin PBXBuildFile section */
		70544DB22A59E31200E34EE0 /* TCA_Composable_Architecture_Sample_AppApp.swift in Sources */ = {isa = PBXBuildFile; fileRef = 70544DB12A59E31200E34EE0 /* TCA_Composable_Architecture_Sample_AppApp.swift */; };
		70544DB62A59E31400E34EE0 /* Assets.xcassets in Resources */ = {isa = PBXBuildFile; fileRef = 70544DB52A59E31400E34EE0 /* Assets.xcassets */; };
		70544DB92A59E31400E34EE0 /* Preview Assets.xcassets in Resources */ = {isa = PBXBuildFile; fileRef = 70544DB82A59E31400E34EE0 /* Preview Assets.xcassets */; };
		70544DC12A59E54A00E34EE0 /* ComposableArchitecture in Frameworks */ = {isa = PBXBuildFile; productRef = 70544DC02A59E54A00E34EE0 /* ComposableArchitecture */; };
		70544DC42A59E5A500E34EE0 /* CatListView.swift in Sources */ = {isa = PBXBuildFile; fileRef = 70544DC32A59E5A500E34EE0 /* CatListView.swift */; };
		70544DC62A59E5C300E34EE0 /* CatListClient.swift in Sources */ = {isa = PBXBuildFile; fileRef = 70544DC52A59E5C300E34EE0 /* CatListClient.swift */; };
/* End PBXBuildFile section */

/* Begin PBXFileReference section */
		70544DAE2A59E31200E34EE0 /* TCA-Composable-Architecture-Sample-App.app */ = {isa = PBXFileReference; explicitFileType = wrapper.application; includeInIndex = 0; path = "TCA-Composable-Architecture-Sample-App.app"; sourceTree = BUILT_PRODUCTS_DIR; };
		70544DB12A59E31200E34EE0 /* TCA_Composable_Architecture_Sample_AppApp.swift */ = {isa = PBXFileReference; lastKnownFileType = sourcecode.swift; path = TCA_Composable_Architecture_Sample_AppApp.swift; sourceTree = "<group>"; };
		70544DB52A59E31400E34EE0 /* Assets.xcassets */ = {isa = PBXFileReference; lastKnownFileType = folder.assetcatalog; path = Assets.xcassets; sourceTree = "<group>"; };
		70544DB82A59E31400E34EE0 /* Preview Assets.xcassets */ = {isa = PBXFileReference; lastKnownFileType = folder.assetcatalog; path = "Preview Assets.xcassets"; sourceTree = "<group>"; };
		70544DC32A59E5A500E34EE0 /* CatListView.swift */ = {isa = PBXFileReference; lastKnownFileType = sourcecode.swift; path = CatListView.swift; sourceTree = "<group>"; };
		70544DC52A59E5C300E34EE0 /* CatListClient.swift */ = {isa = PBXFileReference; lastKnownFileType = sourcecode.swift; path = CatListClient.swift; sourceTree = "<group>"; };
/* End PBXFileReference section */

/* Begin PBXFrameworksBuildPhase section */
		70544DAB2A59E31200E34EE0 /* Frameworks */ = {
			isa = PBXFrameworksBuildPhase;
			buildActionMask = 2147483647;
			files = (
				70544DC12A59E54A00E34EE0 /* ComposableArchitecture in Frameworks */,
			);
			runOnlyForDeploymentPostprocessing = 0;
		};
/* End PBXFrameworksBuildPhase section */

/* Begin PBXGroup section */
		70544DA52A59E31200E34EE0 = {
			isa = PBXGroup;
			children = (
				70544DB02A59E31200E34EE0 /* TCA-Composable-Architecture-Sample-App */,
				70544DAF2A59E31200E34EE0 /* Products */,
			);
			sourceTree = "<group>";
		};
		70544DAF2A59E31200E34EE0 /* Products */ = {
			isa = PBXGroup;
			children = (
				70544DAE2A59E31200E34EE0 /* TCA-Composable-Architecture-Sample-App.app */,
			);
			name = Products;
			sourceTree = "<group>";
		};
		70544DB02A59E31200E34EE0 /* TCA-Composable-Architecture-Sample-App */ = {
			isa = PBXGroup;
			children = (
				70544DC22A59E58100E34EE0 /* CatsList */,
				70544DB12A59E31200E34EE0 /* TCA_Composable_Architecture_Sample_AppApp.swift */,
				70544DB52A59E31400E34EE0 /* Assets.xcassets */,
				70544DB72A59E31400E34EE0 /* Preview Content */,
			);
			path = "TCA-Composable-Architecture-Sample-App";
			sourceTree = "<group>";
		};
		70544DB72A59E31400E34EE0 /* Preview Content */ = {
			isa = PBXGroup;
			children = (
				70544DB82A59E31400E34EE0 /* Preview Assets.xcassets */,
			);
			path = "Preview Content";
			sourceTree = "<group>";
		};
		70544DC22A59E58100E34EE0 /* CatsList */ = {
			isa = PBXGroup;
			children = (
				70544DC32A59E5A500E34EE0 /* CatListView.swift */,
				70544DC52A59E5C300E34EE0 /* CatListClient.swift */,
			);
			path = CatsList;
			sourceTree = "<group>";
		};
/* End PBXGroup section */

/* Begin PBXNativeTarget section */
		70544DAD2A59E31200E34EE0 /* TCA-Composable-Architecture-Sample-App */ = {
			isa = PBXNativeTarget;
			buildConfigurationList = 70544DBC2A59E31400E34EE0 /* Build configuration list for PBXNativeTarget "TCA-Composable-Architecture-Sample-App" */;
			buildPhases = (
				70544DAA2A59E31200E34EE0 /* Sources */,
				70544DAB2A59E31200E34EE0 /* Frameworks */,
				70544DAC2A59E31200E34EE0 /* Resources */,
			);
			buildRules = (
			);
			dependencies = (
			);
			name = "TCA-Composable-Architecture-Sample-App";
			packageProductDependencies = (
				70544DC02A59E54A00E34EE0 /* ComposableArchitecture */,
			);
			productName = "TCA-Composable-Architecture-Sample-App";
			productReference = 70544DAE2A59E31200E34EE0 /* TCA-Composable-Architecture-Sample-App.app */;
			productType = "com.apple.product-type.application";
		};
/* End PBXNativeTarget section */

/* Begin PBXProject section */
		70544DA62A59E31200E34EE0 /* Project object */ = {
			isa = PBXProject;
			attributes = {
				BuildIndependentTargetsInParallel = 1;
				LastSwiftUpdateCheck = 1430;
				LastUpgradeCheck = 1430;
				TargetAttributes = {
					70544DAD2A59E31200E34EE0 = {
						CreatedOnToolsVersion = 14.3.1;
					};
				};
			};
			buildConfigurationList = 70544DA92A59E31200E34EE0 /* Build configuration list for PBXProject "TCA-Composable-Architecture-Sample-App" */;
			compatibilityVersion = "Xcode 14.0";
			developmentRegion = en;
			hasScannedForEncodings = 0;
			knownRegions = (
				en,
				Base,
			);
			mainGroup = 70544DA52A59E31200E34EE0;
			packageReferences = (
				70544DBF2A59E54A00E34EE0 /* XCRemoteSwiftPackageReference "swift-composable-architecture" */,
			);
			productRefGroup = 70544DAF2A59E31200E34EE0 /* Products */;
			projectDirPath = "";
			projectRoot = "";
			targets = (
				70544DAD2A59E31200E34EE0 /* TCA-Composable-Architecture-Sample-App */,
			);
		};
/* End PBXProject section */

/* Begin PBXResourcesBuildPhase section */
		70544DAC2A59E31200E34EE0 /* Resources */ = {
			isa = PBXResourcesBuildPhase;
			buildActionMask = 2147483647;
			files = (
				70544DB92A59E31400E34EE0 /* Preview Assets.xcassets in Resources */,
				70544DB62A59E31400E34EE0 /* Assets.xcassets in Resources */,
			);
			runOnlyForDeploymentPostprocessing = 0;
		};
/* End PBXResourcesBuildPhase section */

/* Begin PBXSourcesBuildPhase section */
		70544DAA2A59E31200E34EE0 /* Sources */ = {
			isa = PBXSourcesBuildPhase;
			buildActionMask = 2147483647;
			files = (
				70544DC62A59E5C300E34EE0 /* CatListClient.swift in Sources */,
				70544DC42A59E5A500E34EE0 /* CatListView.swift in Sources */,
				70544DB22A59E31200E34EE0 /* TCA_Composable_Architecture_Sample_AppApp.swift in Sources */,
			);
			runOnlyForDeploymentPostprocessing = 0;
		};
/* End PBXSourcesBuildPhase section */

/* Begin XCBuildConfiguration section */
		70544DBA2A59E31400E34EE0 /* Debug */ = {
			isa = XCBuildConfiguration;
			buildSettings = {
				ALWAYS_SEARCH_USER_PATHS = NO;
				CLANG_ANALYZER_NONNULL = YES;
				CLANG_ANALYZER_NUMBER_OBJECT_CONVERSION = YES_AGGRESSIVE;
				CLANG_CXX_LANGUAGE_STANDARD = "gnu++20";
				CLANG_ENABLE_MODULES = YES;
				CLANG_ENABLE_OBJC_ARC = YES;
				CLANG_ENABLE_OBJC_WEAK = YES;
				CLANG_WARN_BLOCK_CAPTURE_AUTORELEASING = YES;
				CLANG_WARN_BOOL_CONVERSION = YES;
				CLANG_WARN_COMMA = YES;
				CLANG_WARN_CONSTANT_CONVERSION = YES;
				CLANG_WARN_DEPRECATED_OBJC_IMPLEMENTATIONS = YES;
				CLANG_WARN_DIRECT_OBJC_ISA_USAGE = YES_ERROR;
				CLANG_WARN_DOCUMENTATION_COMMENTS = YES;
				CLANG_WARN_EMPTY_BODY = YES;
				CLANG_WARN_ENUM_CONVERSION = YES;
				CLANG_WARN_INFINITE_RECURSION = YES;
				CLANG_WARN_INT_CONVERSION = YES;
				CLANG_WARN_NON_LITERAL_NULL_CONVERSION = YES;
				CLANG_WARN_OBJC_IMPLICIT_RETAIN_SELF = YES;
				CLANG_WARN_OBJC_LITERAL_CONVERSION = YES;
				CLANG_WARN_OBJC_ROOT_CLASS = YES_ERROR;
				CLANG_WARN_QUOTED_INCLUDE_IN_FRAMEWORK_HEADER = YES;
				CLANG_WARN_RANGE_LOOP_ANALYSIS = YES;
				CLANG_WARN_STRICT_PROTOTYPES = YES;
				CLANG_WARN_SUSPICIOUS_MOVE = YES;
				CLANG_WARN_UNGUARDED_AVAILABILITY = YES_AGGRESSIVE;
				CLANG_WARN_UNREACHABLE_CODE = YES;
				CLANG_WARN__DUPLICATE_METHOD_MATCH = YES;
				COPY_PHASE_STRIP = NO;
				DEBUG_INFORMATION_FORMAT = dwarf;
				ENABLE_STRICT_OBJC_MSGSEND = YES;
				ENABLE_TESTABILITY = YES;
				GCC_C_LANGUAGE_STANDARD = gnu11;
				GCC_DYNAMIC_NO_PIC = NO;
				GCC_NO_COMMON_BLOCKS = YES;
				GCC_OPTIMIZATION_LEVEL = 0;
				GCC_PREPROCESSOR_DEFINITIONS = (
					"DEBUG=1",
					"$(inherited)",
				);
				GCC_WARN_64_TO_32_BIT_CONVERSION = YES;
				GCC_WARN_ABOUT_RETURN_TYPE = YES_ERROR;
				GCC_WARN_UNDECLARED_SELECTOR = YES;
				GCC_WARN_UNINITIALIZED_AUTOS = YES_AGGRESSIVE;
				GCC_WARN_UNUSED_FUNCTION = YES;
				GCC_WARN_UNUSED_VARIABLE = YES;
				IPHONEOS_DEPLOYMENT_TARGET = 16.4;
				MTL_ENABLE_DEBUG_INFO = INCLUDE_SOURCE;
				MTL_FAST_MATH = YES;
				ONLY_ACTIVE_ARCH = YES;
				SDKROOT = iphoneos;
				SWIFT_ACTIVE_COMPILATION_CONDITIONS = DEBUG;
				SWIFT_OPTIMIZATION_LEVEL = "-Onone";
			};
			name = Debug;
		};
		70544DBB2A59E31400E34EE0 /* Release */ = {
			isa = XCBuildConfiguration;
			buildSettings = {
				ALWAYS_SEARCH_USER_PATHS = NO;
				CLANG_ANALYZER_NONNULL = YES;
				CLANG_ANALYZER_NUMBER_OBJECT_CONVERSION = YES_AGGRESSIVE;
				CLANG_CXX_LANGUAGE_STANDARD = "gnu++20";
				CLANG_ENABLE_MODULES = YES;
				CLANG_ENABLE_OBJC_ARC = YES;
				CLANG_ENABLE_OBJC_WEAK = YES;
				CLANG_WARN_BLOCK_CAPTURE_AUTORELEASING = YES;
				CLANG_WARN_BOOL_CONVERSION = YES;
				CLANG_WARN_COMMA = YES;
				CLANG_WARN_CONSTANT_CONVERSION = YES;
				CLANG_WARN_DEPRECATED_OBJC_IMPLEMENTATIONS = YES;
				CLANG_WARN_DIRECT_OBJC_ISA_USAGE = YES_ERROR;
				CLANG_WARN_DOCUMENTATION_COMMENTS = YES;
				CLANG_WARN_EMPTY_BODY = YES;
				CLANG_WARN_ENUM_CONVERSION = YES;
				CLANG_WARN_INFINITE_RECURSION = YES;
				CLANG_WARN_INT_CONVERSION = YES;
				CLANG_WARN_NON_LITERAL_NULL_CONVERSION = YES;
				CLANG_WARN_OBJC_IMPLICIT_RETAIN_SELF = YES;
				CLANG_WARN_OBJC_LITERAL_CONVERSION = YES;
				CLANG_WARN_OBJC_ROOT_CLASS = YES_ERROR;
				CLANG_WARN_QUOTED_INCLUDE_IN_FRAMEWORK_HEADER = YES;
				CLANG_WARN_RANGE_LOOP_ANALYSIS = YES;
				CLANG_WARN_STRICT_PROTOTYPES = YES;
				CLANG_WARN_SUSPICIOUS_MOVE = YES;
				CLANG_WARN_UNGUARDED_AVAILABILITY = YES_AGGRESSIVE;
				CLANG_WARN_UNREACHABLE_CODE = YES;
				CLANG_WARN__DUPLICATE_METHOD_MATCH = YES;
				COPY_PHASE_STRIP = NO;
				DEBUG_INFORMATION_FORMAT = "dwarf-with-dsym";
				ENABLE_NS_ASSERTIONS = NO;
				ENABLE_STRICT_OBJC_MSGSEND = YES;
				GCC_C_LANGUAGE_STANDARD = gnu11;
				GCC_NO_COMMON_BLOCKS = YES;
				GCC_WARN_64_TO_32_BIT_CONVERSION = YES;
				GCC_WARN_ABOUT_RETURN_TYPE = YES_ERROR;
				GCC_WARN_UNDECLARED_SELECTOR = YES;
				GCC_WARN_UNINITIALIZED_AUTOS = YES_AGGRESSIVE;
				GCC_WARN_UNUSED_FUNCTION = YES;
				GCC_WARN_UNUSED_VARIABLE = YES;
				IPHONEOS_DEPLOYMENT_TARGET = 16.4;
				MTL_ENABLE_DEBUG_INFO = NO;
				MTL_FAST_MATH = YES;
				SDKROOT = iphoneos;
				SWIFT_COMPILATION_MODE = wholemodule;
				SWIFT_OPTIMIZATION_LEVEL = "-O";
				VALIDATE_PRODUCT = YES;
			};
			name = Release;
		};
		70544DBD2A59E31400E34EE0 /* Debug */ = {
			isa = XCBuildConfiguration;
			buildSettings = {
				ASSETCATALOG_COMPILER_APPICON_NAME = AppIcon;
				ASSETCATALOG_COMPILER_GLOBAL_ACCENT_COLOR_NAME = AccentColor;
				CODE_SIGN_STYLE = Automatic;
				CURRENT_PROJECT_VERSION = 1;
				DEVELOPMENT_ASSET_PATHS = "\"TCA-Composable-Architecture-Sample-App/Preview Content\"";
				DEVELOPMENT_TEAM = FXJ7FY6YF8;
				ENABLE_PREVIEWS = YES;
				GENERATE_INFOPLIST_FILE = YES;
				INFOPLIST_KEY_UIApplicationSceneManifest_Generation = YES;
				INFOPLIST_KEY_UIApplicationSupportsIndirectInputEvents = YES;
				INFOPLIST_KEY_UILaunchScreen_Generation = YES;
				INFOPLIST_KEY_UISupportedInterfaceOrientations_iPad = "UIInterfaceOrientationPortrait UIInterfaceOrientationPortraitUpsideDown UIInterfaceOrientationLandscapeLeft UIInterfaceOrientationLandscapeRight";
				INFOPLIST_KEY_UISupportedInterfaceOrientations_iPhone = "UIInterfaceOrientationPortrait UIInterfaceOrientationLandscapeLeft UIInterfaceOrientationLandscapeRight";
				LD_RUNPATH_SEARCH_PATHS = (
					"$(inherited)",
					"@executable_path/Frameworks",
				);
				MARKETING_VERSION = 1.0;
				PRODUCT_BUNDLE_IDENTIFIER = "com.daniyal.TCA-Composable-Architecture-Sample-App";
				PRODUCT_NAME = "$(TARGET_NAME)";
				SWIFT_EMIT_LOC_STRINGS = YES;
				SWIFT_VERSION = 5.0;
				TARGETED_DEVICE_FAMILY = "1,2";
			};
			name = Debug;
		};
		70544DBE2A59E31400E34EE0 /* Release */ = {
			isa = XCBuildConfiguration;
			buildSettings = {
				ASSETCATALOG_COMPILER_APPICON_NAME = AppIcon;
				ASSETCATALOG_COMPILER_GLOBAL_ACCENT_COLOR_NAME = AccentColor;
				CODE_SIGN_STYLE = Automatic;
				CURRENT_PROJECT_VERSION = 1;
				DEVELOPMENT_ASSET_PATHS = "\"TCA-Composable-Architecture-Sample-App/Preview Content\"";
				DEVELOPMENT_TEAM = FXJ7FY6YF8;
				ENABLE_PREVIEWS = YES;
				GENERATE_INFOPLIST_FILE = YES;
				INFOPLIST_KEY_UIApplicationSceneManifest_Generation = YES;
				INFOPLIST_KEY_UIApplicationSupportsIndirectInputEvents = YES;
				INFOPLIST_KEY_UILaunchScreen_Generation = YES;
				INFOPLIST_KEY_UISupportedInterfaceOrientations_iPad = "UIInterfaceOrientationPortrait UIInterfaceOrientationPortraitUpsideDown UIInterfaceOrientationLandscapeLeft UIInterfaceOrientationLandscapeRight";
				INFOPLIST_KEY_UISupportedInterfaceOrientations_iPhone = "UIInterfaceOrientationPortrait UIInterfaceOrientationLandscapeLeft UIInterfaceOrientationLandscapeRight";
				LD_RUNPATH_SEARCH_PATHS = (
					"$(inherited)",
					"@executable_path/Frameworks",
				);
				MARKETING_VERSION = 1.0;
				PRODUCT_BUNDLE_IDENTIFIER = "com.daniyal.TCA-Composable-Architecture-Sample-App";
				PRODUCT_NAME = "$(TARGET_NAME)";
				SWIFT_EMIT_LOC_STRINGS = YES;
				SWIFT_VERSION = 5.0;
				TARGETED_DEVICE_FAMILY = "1,2";
			};
			name = Release;
		};
/* End XCBuildConfiguration section */

/* Begin XCConfigurationList section */
		70544DA92A59E31200E34EE0 /* Build configuration list for PBXProject "TCA-Composable-Architecture-Sample-App" */ = {
			isa = XCConfigurationList;
			buildConfigurations = (
				70544DBA2A59E31400E34EE0 /* Debug */,
				70544DBB2A59E31400E34EE0 /* Release */,
			);
			defaultConfigurationIsVisible = 0;
			defaultConfigurationName = Release;
		};
		70544DBC2A59E31400E34EE0 /* Build configuration list for PBXNativeTarget "TCA-Composable-Architecture-Sample-App" */ = {
			isa = XCConfigurationList;
			buildConfigurations = (
				70544DBD2A59E31400E34EE0 /* Debug */,
				70544DBE2A59E31400E34EE0 /* Release */,
			);
			defaultConfigurationIsVisible = 0;
			defaultConfigurationName = Release;
		};
/* End XCConfigurationList section */

/* Begin XCRemoteSwiftPackageReference section */
		70544DBF2A59E54A00E34EE0 /* XCRemoteSwiftPackageReference "swift-composable-architecture" */ = {
			isa = XCRemoteSwiftPackageReference;
			repositoryURL = "https://github.com/pointfreeco/swift-composable-architecture";
			requirement = {
				kind = upToNextMajorVersion;
				minimumVersion = 0.55.0;
			};
		};
/* End XCRemoteSwiftPackageReference section */

/* Begin XCSwiftPackageProductDependency section */
		70544DC02A59E54A00E34EE0 /* ComposableArchitecture */ = {
			isa = XCSwiftPackageProductDependency;
			package = 70544DBF2A59E54A00E34EE0 /* XCRemoteSwiftPackageReference "swift-composable-architecture" */;
			productName = ComposableArchitecture;
		};
/* End XCSwiftPackageProductDependency section */
	};
	rootObject = 70544DA62A59E31200E34EE0 /* Project object */;
}
